
Microsoft Visual Studio Solution File, Format Version 12.00
# Visual Studio Version 17
VisualStudioVersion = 17.4.33213.308
MinimumVisualStudioVersion = 10.0.40219.1
Project("{8BC9CEB8-8B4A-11D0-8D11-00A0C91BC942}") = "reflect_protobuf", "reflect_protobuf.vcxproj", "{9958773E-BC1D-4123-B46F-0CA2EB45C5F2}"
EndProject
Global
	GlobalSection(SolutionConfigurationPlatforms) = preSolution
		Debug|x64 = Debug|x64
		Debug|x86 = Debug|x86
		Release|x64 = Release|x64
		Release|x86 = Release|x86
	EndGlobalSection
	GlobalSection(ProjectConfigurationPlatforms) = postSolution
		{9958773E-BC1D-4123-B46F-0CA2EB45C5F2}.Debug|x64.ActiveCfg = Debug|x64
		{9958773E-BC1D-4123-B46F-0CA2EB45C5F2}.Debug|x64.Build.0 = Debug|x64
		{9958773E-BC1D-4123-B46F-0CA2EB45C5F2}.Debug|x86.ActiveCfg = Debug|Win32
		{9958773E-BC1D-4123-B46F-0CA2EB45C5F2}.Debug|x86.Build.0 = Debug|Win32
		{9958773E-BC1D-4123-B46F-0CA2EB45C5F2}.Release|x64.ActiveCfg = Release|x64
		{9958773E-BC1D-4123-B46F-0CA2EB45C5F2}.Release|x64.Build.0 = Release|x64
		{9958773E-BC1D-4123-B46F-0CA2EB45C5F2}.Release|x86.ActiveCfg = Release|Win32
		{9958773E-BC1D-4123-B46F-0CA2EB45C5F2}.Release|x86.Build.0 = Release|Win32
	EndGlobalSection
	GlobalSection(SolutionProperties) = preSolution
		HideSolutionNode = FALSE
	EndGlobalSection
	GlobalSection(ExtensibilityGlobals) = postSolution
		SolutionGuid = {B3E6E277-B400-40FF-A5CE-AB025398C679}
	EndGlobalSection
EndGlobal
